// !$*UTF8*$!
{
	archiveVersion = 1;
	classes = {
	};
	objectVersion = 50;
	objects = {

/* Begin PBXBuildFile section */
		A266BA3726D23B19006F3067 /* CoreDataStack.swift in Sources */ = {isa = PBXBuildFile; fileRef = A266BA3626D23B19006F3067 /* CoreDataStack.swift */; };
		A266BA3A26D23DEA006F3067 /* SimpleCoreData.xcdatamodeld in Sources */ = {isa = PBXBuildFile; fileRef = A266BA3826D23DEA006F3067 /* SimpleCoreData.xcdatamodeld */; };
		A266BA4726D24097006F3067 /* Task+CoreDataClass.swift in Sources */ = {isa = PBXBuildFile; fileRef = A266BA4326D24097006F3067 /* Task+CoreDataClass.swift */; };
		A266BA4826D24097006F3067 /* Task+CoreDataProperties.swift in Sources */ = {isa = PBXBuildFile; fileRef = A266BA4426D24097006F3067 /* Task+CoreDataProperties.swift */; };
		A266BA4926D24097006F3067 /* Label+CoreDataClass.swift in Sources */ = {isa = PBXBuildFile; fileRef = A266BA4526D24097006F3067 /* Label+CoreDataClass.swift */; };
		A266BA4A26D24097006F3067 /* Label+CoreDataProperties.swift in Sources */ = {isa = PBXBuildFile; fileRef = A266BA4626D24097006F3067 /* Label+CoreDataProperties.swift */; };
		A2B4679026CF809700A3A7F1 /* AppDelegate.swift in Sources */ = {isa = PBXBuildFile; fileRef = A2B4678F26CF809700A3A7F1 /* AppDelegate.swift */; };
		A2B4679226CF809700A3A7F1 /* SceneDelegate.swift in Sources */ = {isa = PBXBuildFile; fileRef = A2B4679126CF809700A3A7F1 /* SceneDelegate.swift */; };
		A2B4679C26CF809800A3A7F1 /* Assets.xcassets in Resources */ = {isa = PBXBuildFile; fileRef = A2B4679B26CF809800A3A7F1 /* Assets.xcassets */; };
		A2B4679F26CF809800A3A7F1 /* LaunchScreen.storyboard in Resources */ = {isa = PBXBuildFile; fileRef = A2B4679D26CF809800A3A7F1 /* LaunchScreen.storyboard */; };
		A2B467AA26CF839B00A3A7F1 /* TasksTableViewController.swift in Sources */ = {isa = PBXBuildFile; fileRef = A2B467A926CF839B00A3A7F1 /* TasksTableViewController.swift */; };
		A2B467AC26CF853900A3A7F1 /* TaskTableViewCell.swift in Sources */ = {isa = PBXBuildFile; fileRef = A2B467AB26CF853900A3A7F1 /* TaskTableViewCell.swift */; };
		A2B467AE26CF98A600A3A7F1 /* CheckBoxBotton.swift in Sources */ = {isa = PBXBuildFile; fileRef = A2B467AD26CF98A600A3A7F1 /* CheckBoxBotton.swift */; };
		A2B467B126CFC06C00A3A7F1 /* UIViewConstraints.swift in Sources */ = {isa = PBXBuildFile; fileRef = A2B467B026CFC06C00A3A7F1 /* UIViewConstraints.swift */; };
		A2B467B626CFD34000A3A7F1 /* DataService.swift in Sources */ = {isa = PBXBuildFile; fileRef = A2B467B526CFD34000A3A7F1 /* DataService.swift */; };
/* End PBXBuildFile section */

/* Begin PBXFileReference section */
		A266BA3626D23B19006F3067 /* CoreDataStack.swift */ = {isa = PBXFileReference; lastKnownFileType = sourcecode.swift; path = CoreDataStack.swift; sourceTree = "<group>"; };
		A266BA3926D23DEA006F3067 /* SimpleCoreData.xcdatamodel */ = {isa = PBXFileReference; lastKnownFileType = wrapper.xcdatamodel; path = SimpleCoreData.xcdatamodel; sourceTree = "<group>"; };
		A266BA4326D24097006F3067 /* Task+CoreDataClass.swift */ = {isa = PBXFileReference; lastKnownFileType = sourcecode.swift; path = "Task+CoreDataClass.swift"; sourceTree = "<group>"; };
		A266BA4426D24097006F3067 /* Task+CoreDataProperties.swift */ = {isa = PBXFileReference; lastKnownFileType = sourcecode.swift; path = "Task+CoreDataProperties.swift"; sourceTree = "<group>"; };
		A266BA4526D24097006F3067 /* Label+CoreDataClass.swift */ = {isa = PBXFileReference; lastKnownFileType = sourcecode.swift; path = "Label+CoreDataClass.swift"; sourceTree = "<group>"; };
		A266BA4626D24097006F3067 /* Label+CoreDataProperties.swift */ = {isa = PBXFileReference; lastKnownFileType = sourcecode.swift; path = "Label+CoreDataProperties.swift"; sourceTree = "<group>"; };
		A2B4678C26CF809700A3A7F1 /* SimpleCoreData.app */ = {isa = PBXFileReference; explicitFileType = wrapper.application; includeInIndex = 0; path = SimpleCoreData.app; sourceTree = BUILT_PRODUCTS_DIR; };
		A2B4678F26CF809700A3A7F1 /* AppDelegate.swift */ = {isa = PBXFileReference; lastKnownFileType = sourcecode.swift; path = AppDelegate.swift; sourceTree = "<group>"; };
		A2B4679126CF809700A3A7F1 /* SceneDelegate.swift */ = {isa = PBXFileReference; lastKnownFileType = sourcecode.swift; path = SceneDelegate.swift; sourceTree = "<group>"; };
		A2B4679B26CF809800A3A7F1 /* Assets.xcassets */ = {isa = PBXFileReference; lastKnownFileType = folder.assetcatalog; path = Assets.xcassets; sourceTree = "<group>"; };
		A2B4679E26CF809800A3A7F1 /* Base */ = {isa = PBXFileReference; lastKnownFileType = file.storyboard; name = Base; path = Base.lproj/LaunchScreen.storyboard; sourceTree = "<group>"; };
		A2B467A026CF809800A3A7F1 /* Info.plist */ = {isa = PBXFileReference; lastKnownFileType = text.plist.xml; path = Info.plist; sourceTree = "<group>"; };
		A2B467A926CF839B00A3A7F1 /* TasksTableViewController.swift */ = {isa = PBXFileReference; lastKnownFileType = sourcecode.swift; path = TasksTableViewController.swift; sourceTree = "<group>"; };
		A2B467AB26CF853900A3A7F1 /* TaskTableViewCell.swift */ = {isa = PBXFileReference; lastKnownFileType = sourcecode.swift; path = TaskTableViewCell.swift; sourceTree = "<group>"; };
		A2B467AD26CF98A600A3A7F1 /* CheckBoxBotton.swift */ = {isa = PBXFileReference; lastKnownFileType = sourcecode.swift; path = CheckBoxBotton.swift; sourceTree = "<group>"; };
		A2B467B026CFC06C00A3A7F1 /* UIViewConstraints.swift */ = {isa = PBXFileReference; fileEncoding = 4; lastKnownFileType = sourcecode.swift; path = UIViewConstraints.swift; sourceTree = "<group>"; };
		A2B467B526CFD34000A3A7F1 /* DataService.swift */ = {isa = PBXFileReference; lastKnownFileType = sourcecode.swift; path = DataService.swift; sourceTree = "<group>"; };
/* End PBXFileReference section */

/* Begin PBXFrameworksBuildPhase section */
		A2B4678926CF809700A3A7F1 /* Frameworks */ = {
			isa = PBXFrameworksBuildPhase;
			buildActionMask = 2147483647;
			files = (
			);
			runOnlyForDeploymentPostprocessing = 0;
		};
/* End PBXFrameworksBuildPhase section */

/* Begin PBXGroup section */
		A266BA3526D23A48006F3067 /* CoreData */ = {
			isa = PBXGroup;
			children = (
				A266BA3626D23B19006F3067 /* CoreDataStack.swift */,
				A266BA3826D23DEA006F3067 /* SimpleCoreData.xcdatamodeld */,
				A266BA4B26D240AB006F3067 /* ModelObjects */,
			);
			path = CoreData;
			sourceTree = "<group>";
		};
		A266BA4B26D240AB006F3067 /* ModelObjects */ = {
			isa = PBXGroup;
			children = (
				A266BA4326D24097006F3067 /* Task+CoreDataClass.swift */,
				A266BA4426D24097006F3067 /* Task+CoreDataProperties.swift */,
				A266BA4526D24097006F3067 /* Label+CoreDataClass.swift */,
				A266BA4626D24097006F3067 /* Label+CoreDataProperties.swift */,
			);
			path = ModelObjects;
			sourceTree = "<group>";
		};
		A266BA4C26D2531F006F3067 /* Views */ = {
			isa = PBXGroup;
			children = (
				A2B467A926CF839B00A3A7F1 /* TasksTableViewController.swift */,
				A2B467AB26CF853900A3A7F1 /* TaskTableViewCell.swift */,
				A2B467AD26CF98A600A3A7F1 /* CheckBoxBotton.swift */,
			);
			path = Views;
			sourceTree = "<group>";
		};
		A2B4678326CF809700A3A7F1 = {
			isa = PBXGroup;
			children = (
				A2B4678E26CF809700A3A7F1 /* SimpleCoreData */,
				A2B4678D26CF809700A3A7F1 /* Products */,
			);
			sourceTree = "<group>";
		};
		A2B4678D26CF809700A3A7F1 /* Products */ = {
			isa = PBXGroup;
			children = (
				A2B4678C26CF809700A3A7F1 /* SimpleCoreData.app */,
			);
			name = Products;
			sourceTree = "<group>";
		};
		A2B4678E26CF809700A3A7F1 /* SimpleCoreData */ = {
			isa = PBXGroup;
			children = (
				A2B467A726CF824300A3A7F1 /* App */,
				A266BA3526D23A48006F3067 /* CoreData */,
				A2B467A826CF825A00A3A7F1 /* TodoList */,
				A2B467AF26CFBF3D00A3A7F1 /* Helpers */,
				A2B467A626CF822400A3A7F1 /* Resources */,
				A2B467A026CF809800A3A7F1 /* Info.plist */,
			);
			path = SimpleCoreData;
			sourceTree = "<group>";
		};
		A2B467A626CF822400A3A7F1 /* Resources */ = {
			isa = PBXGroup;
			children = (
				A2B4679B26CF809800A3A7F1 /* Assets.xcassets */,
			);
			path = Resources;
			sourceTree = "<group>";
		};
		A2B467A726CF824300A3A7F1 /* App */ = {
			isa = PBXGroup;
			children = (
				A2B4678F26CF809700A3A7F1 /* AppDelegate.swift */,
				A2B4679126CF809700A3A7F1 /* SceneDelegate.swift */,
				A2B4679D26CF809800A3A7F1 /* LaunchScreen.storyboard */,
			);
			path = App;
			sourceTree = "<group>";
		};
		A2B467A826CF825A00A3A7F1 /* TodoList */ = {
			isa = PBXGroup;
			children = (
				A266BA4C26D2531F006F3067 /* Views */,
				A2B467B426CFD32500A3A7F1 /* Services */,
			);
			path = TodoList;
			sourceTree = "<group>";
		};
		A2B467AF26CFBF3D00A3A7F1 /* Helpers */ = {
			isa = PBXGroup;
			children = (
				A2B467B026CFC06C00A3A7F1 /* UIViewConstraints.swift */,
			);
			path = Helpers;
			sourceTree = "<group>";
		};
		A2B467B426CFD32500A3A7F1 /* Services */ = {
			isa = PBXGroup;
			children = (
				A2B467B526CFD34000A3A7F1 /* DataService.swift */,
			);
			path = Services;
			sourceTree = "<group>";
		};
/* End PBXGroup section */

/* Begin PBXNativeTarget section */
		A2B4678B26CF809700A3A7F1 /* SimpleCoreData */ = {
			isa = PBXNativeTarget;
			buildConfigurationList = A2B467A326CF809800A3A7F1 /* Build configuration list for PBXNativeTarget "SimpleCoreData" */;
			buildPhases = (
				A2B4678826CF809700A3A7F1 /* Sources */,
				A2B4678926CF809700A3A7F1 /* Frameworks */,
				A2B4678A26CF809700A3A7F1 /* Resources */,
			);
			buildRules = (
			);
			dependencies = (
			);
			name = SimpleCoreData;
			productName = SimpleCoreData;
			productReference = A2B4678C26CF809700A3A7F1 /* SimpleCoreData.app */;
			productType = "com.apple.product-type.application";
		};
/* End PBXNativeTarget section */

/* Begin PBXProject section */
		A2B4678426CF809700A3A7F1 /* Project object */ = {
			isa = PBXProject;
			attributes = {
				LastSwiftUpdateCheck = 1250;
				LastUpgradeCheck = 1250;
				TargetAttributes = {
					A2B4678B26CF809700A3A7F1 = {
						CreatedOnToolsVersion = 12.5.1;
					};
				};
			};
			buildConfigurationList = A2B4678726CF809700A3A7F1 /* Build configuration list for PBXProject "SimpleCoreData" */;
			compatibilityVersion = "Xcode 9.3";
			developmentRegion = en;
			hasScannedForEncodings = 0;
			knownRegions = (
				en,
				Base,
			);
			mainGroup = A2B4678326CF809700A3A7F1;
			productRefGroup = A2B4678D26CF809700A3A7F1 /* Products */;
			projectDirPath = "";
			projectRoot = "";
			targets = (
				A2B4678B26CF809700A3A7F1 /* SimpleCoreData */,
			);
		};
/* End PBXProject section */

/* Begin PBXResourcesBuildPhase section */
		A2B4678A26CF809700A3A7F1 /* Resources */ = {
			isa = PBXResourcesBuildPhase;
			buildActionMask = 2147483647;
			files = (
				A2B4679F26CF809800A3A7F1 /* LaunchScreen.storyboard in Resources */,
				A2B4679C26CF809800A3A7F1 /* Assets.xcassets in Resources */,
			);
			runOnlyForDeploymentPostprocessing = 0;
		};
/* End PBXResourcesBuildPhase section */

/* Begin PBXSourcesBuildPhase section */
		A2B4678826CF809700A3A7F1 /* Sources */ = {
			isa = PBXSourcesBuildPhase;
			buildActionMask = 2147483647;
			files = (
				A2B467AE26CF98A600A3A7F1 /* CheckBoxBotton.swift in Sources */,
				A2B4679026CF809700A3A7F1 /* AppDelegate.swift in Sources */,
				A2B467AC26CF853900A3A7F1 /* TaskTableViewCell.swift in Sources */,
				A266BA3726D23B19006F3067 /* CoreDataStack.swift in Sources */,
				A2B4679226CF809700A3A7F1 /* SceneDelegate.swift in Sources */,
				A2B467AA26CF839B00A3A7F1 /* TasksTableViewController.swift in Sources */,
				A266BA4A26D24097006F3067 /* Label+CoreDataProperties.swift in Sources */,
				A266BA3A26D23DEA006F3067 /* SimpleCoreData.xcdatamodeld in Sources */,
				A266BA4726D24097006F3067 /* Task+CoreDataClass.swift in Sources */,
				A2B467B626CFD34000A3A7F1 /* DataService.swift in Sources */,
				A266BA4926D24097006F3067 /* Label+CoreDataClass.swift in Sources */,
				A266BA4826D24097006F3067 /* Task+CoreDataProperties.swift in Sources */,
				A2B467B126CFC06C00A3A7F1 /* UIViewConstraints.swift in Sources */,
			);
			runOnlyForDeploymentPostprocessing = 0;
		};
/* End PBXSourcesBuildPhase section */

/* Begin PBXVariantGroup section */
		A2B4679D26CF809800A3A7F1 /* LaunchScreen.storyboard */ = {
			isa = PBXVariantGroup;
			children = (
				A2B4679E26CF809800A3A7F1 /* Base */,
			);
			name = LaunchScreen.storyboard;
			sourceTree = "<group>";
		};
/* End PBXVariantGroup section */

/* Begin XCBuildConfiguration section */
		A2B467A126CF809800A3A7F1 /* Debug */ = {
			isa = XCBuildConfiguration;
			buildSettings = {
				ALWAYS_SEARCH_USER_PATHS = NO;
				CLANG_ANALYZER_NONNULL = YES;
				CLANG_ANALYZER_NUMBER_OBJECT_CONVERSION = YES_AGGRESSIVE;
				CLANG_CXX_LANGUAGE_STANDARD = "gnu++14";
				CLANG_CXX_LIBRARY = "libc++";
				CLANG_ENABLE_MODULES = YES;
				CLANG_ENABLE_OBJC_ARC = YES;
				CLANG_ENABLE_OBJC_WEAK = YES;
				CLANG_WARN_BLOCK_CAPTURE_AUTORELEASING = YES;
				CLANG_WARN_BOOL_CONVERSION = YES;
				CLANG_WARN_COMMA = YES;
				CLANG_WARN_CONSTANT_CONVERSION = YES;
				CLANG_WARN_DEPRECATED_OBJC_IMPLEMENTATIONS = YES;
				CLANG_WARN_DIRECT_OBJC_ISA_USAGE = YES_ERROR;
				CLANG_WARN_DOCUMENTATION_COMMENTS = YES;
				CLANG_WARN_EMPTY_BODY = YES;
				CLANG_WARN_ENUM_CONVERSION = YES;
				CLANG_WARN_INFINITE_RECURSION = YES;
				CLANG_WARN_INT_CONVERSION = YES;
				CLANG_WARN_NON_LITERAL_NULL_CONVERSION = YES;
				CLANG_WARN_OBJC_IMPLICIT_RETAIN_SELF = YES;
				CLANG_WARN_OBJC_LITERAL_CONVERSION = YES;
				CLANG_WARN_OBJC_ROOT_CLASS = YES_ERROR;
				CLANG_WARN_QUOTED_INCLUDE_IN_FRAMEWORK_HEADER = YES;
				CLANG_WARN_RANGE_LOOP_ANALYSIS = YES;
				CLANG_WARN_STRICT_PROTOTYPES = YES;
				CLANG_WARN_SUSPICIOUS_MOVE = YES;
				CLANG_WARN_UNGUARDED_AVAILABILITY = YES_AGGRESSIVE;
				CLANG_WARN_UNREACHABLE_CODE = YES;
				CLANG_WARN__DUPLICATE_METHOD_MATCH = YES;
				COPY_PHASE_STRIP = NO;
				DEBUG_INFORMATION_FORMAT = dwarf;
				ENABLE_STRICT_OBJC_MSGSEND = YES;
				ENABLE_TESTABILITY = YES;
				GCC_C_LANGUAGE_STANDARD = gnu11;
				GCC_DYNAMIC_NO_PIC = NO;
				GCC_NO_COMMON_BLOCKS = YES;
				GCC_OPTIMIZATION_LEVEL = 0;
				GCC_PREPROCESSOR_DEFINITIONS = (
					"DEBUG=1",
					"$(inherited)",
				);
				GCC_WARN_64_TO_32_BIT_CONVERSION = YES;
				GCC_WARN_ABOUT_RETURN_TYPE = YES_ERROR;
				GCC_WARN_UNDECLARED_SELECTOR = YES;
				GCC_WARN_UNINITIALIZED_AUTOS = YES_AGGRESSIVE;
				GCC_WARN_UNUSED_FUNCTION = YES;
				GCC_WARN_UNUSED_VARIABLE = YES;
				IPHONEOS_DEPLOYMENT_TARGET = 14.5;
				MTL_ENABLE_DEBUG_INFO = INCLUDE_SOURCE;
				MTL_FAST_MATH = YES;
				ONLY_ACTIVE_ARCH = YES;
				SDKROOT = iphoneos;
				SWIFT_ACTIVE_COMPILATION_CONDITIONS = DEBUG;
				SWIFT_OPTIMIZATION_LEVEL = "-Onone";
			};
			name = Debug;
		};
		A2B467A226CF809800A3A7F1 /* Release */ = {
			isa = XCBuildConfiguration;
			buildSettings = {
				ALWAYS_SEARCH_USER_PATHS = NO;
				CLANG_ANALYZER_NONNULL = YES;
				CLANG_ANALYZER_NUMBER_OBJECT_CONVERSION = YES_AGGRESSIVE;
				CLANG_CXX_LANGUAGE_STANDARD = "gnu++14";
				CLANG_CXX_LIBRARY = "libc++";
				CLANG_ENABLE_MODULES = YES;
				CLANG_ENABLE_OBJC_ARC = YES;
				CLANG_ENABLE_OBJC_WEAK = YES;
				CLANG_WARN_BLOCK_CAPTURE_AUTORELEASING = YES;
				CLANG_WARN_BOOL_CONVERSION = YES;
				CLANG_WARN_COMMA = YES;
				CLANG_WARN_CONSTANT_CONVERSION = YES;
				CLANG_WARN_DEPRECATED_OBJC_IMPLEMENTATIONS = YES;
				CLANG_WARN_DIRECT_OBJC_ISA_USAGE = YES_ERROR;
				CLANG_WARN_DOCUMENTATION_COMMENTS = YES;
				CLANG_WARN_EMPTY_BODY = YES;
				CLANG_WARN_ENUM_CONVERSION = YES;
				CLANG_WARN_INFINITE_RECURSION = YES;
				CLANG_WARN_INT_CONVERSION = YES;
				CLANG_WARN_NON_LITERAL_NULL_CONVERSION = YES;
				CLANG_WARN_OBJC_IMPLICIT_RETAIN_SELF = YES;
				CLANG_WARN_OBJC_LITERAL_CONVERSION = YES;
				CLANG_WARN_OBJC_ROOT_CLASS = YES_ERROR;
				CLANG_WARN_QUOTED_INCLUDE_IN_FRAMEWORK_HEADER = YES;
				CLANG_WARN_RANGE_LOOP_ANALYSIS = YES;
				CLANG_WARN_STRICT_PROTOTYPES = YES;
				CLANG_WARN_SUSPICIOUS_MOVE = YES;
				CLANG_WARN_UNGUARDED_AVAILABILITY = YES_AGGRESSIVE;
				CLANG_WARN_UNREACHABLE_CODE = YES;
				CLANG_WARN__DUPLICATE_METHOD_MATCH = YES;
				COPY_PHASE_STRIP = NO;
				DEBUG_INFORMATION_FORMAT = "dwarf-with-dsym";
				ENABLE_NS_ASSERTIONS = NO;
				ENABLE_STRICT_OBJC_MSGSEND = YES;
				GCC_C_LANGUAGE_STANDARD = gnu11;
				GCC_NO_COMMON_BLOCKS = YES;
				GCC_WARN_64_TO_32_BIT_CONVERSION = YES;
				GCC_WARN_ABOUT_RETURN_TYPE = YES_ERROR;
				GCC_WARN_UNDECLARED_SELECTOR = YES;
				GCC_WARN_UNINITIALIZED_AUTOS = YES_AGGRESSIVE;
				GCC_WARN_UNUSED_FUNCTION = YES;
				GCC_WARN_UNUSED_VARIABLE = YES;
				IPHONEOS_DEPLOYMENT_TARGET = 14.5;
				MTL_ENABLE_DEBUG_INFO = NO;
				MTL_FAST_MATH = YES;
				SDKROOT = iphoneos;
				SWIFT_COMPILATION_MODE = wholemodule;
				SWIFT_OPTIMIZATION_LEVEL = "-O";
				VALIDATE_PRODUCT = YES;
			};
			name = Release;
		};
		A2B467A426CF809800A3A7F1 /* Debug */ = {
			isa = XCBuildConfiguration;
			buildSettings = {
				ASSETCATALOG_COMPILER_APPICON_NAME = AppIcon;
				ASSETCATALOG_COMPILER_GLOBAL_ACCENT_COLOR_NAME = AccentColor;
				CODE_SIGN_STYLE = Automatic;
				DEVELOPMENT_TEAM = 34YD2762N8;
				INFOPLIST_FILE = SimpleCoreData/Info.plist;
				LD_RUNPATH_SEARCH_PATHS = (
					"$(inherited)",
					"@executable_path/Frameworks",
				);
				PRODUCT_BUNDLE_IDENTIFIER = com.gmail.artemkononov2000.SimpleCoreData;
				PRODUCT_NAME = "$(TARGET_NAME)";
				SWIFT_VERSION = 5.0;
				TARGETED_DEVICE_FAMILY = "1,2";
			};
			name = Debug;
		};
		A2B467A526CF809800A3A7F1 /* Release */ = {
			isa = XCBuildConfiguration;
			buildSettings = {
				ASSETCATALOG_COMPILER_APPICON_NAME = AppIcon;
				ASSETCATALOG_COMPILER_GLOBAL_ACCENT_COLOR_NAME = AccentColor;
				CODE_SIGN_STYLE = Automatic;
				DEVELOPMENT_TEAM = 34YD2762N8;
				INFOPLIST_FILE = SimpleCoreData/Info.plist;
				LD_RUNPATH_SEARCH_PATHS = (
					"$(inherited)",
					"@executable_path/Frameworks",
				);
				PRODUCT_BUNDLE_IDENTIFIER = com.gmail.artemkononov2000.SimpleCoreData;
				PRODUCT_NAME = "$(TARGET_NAME)";
				SWIFT_VERSION = 5.0;
				TARGETED_DEVICE_FAMILY = "1,2";
			};
			name = Release;
		};
/* End XCBuildConfiguration section */

/* Begin XCConfigurationList section */
		A2B4678726CF809700A3A7F1 /* Build configuration list for PBXProject "SimpleCoreData" */ = {
			isa = XCConfigurationList;
			buildConfigurations = (
				A2B467A126CF809800A3A7F1 /* Debug */,
				A2B467A226CF809800A3A7F1 /* Release */,
			);
			defaultConfigurationIsVisible = 0;
			defaultConfigurationName = Release;
		};
		A2B467A326CF809800A3A7F1 /* Build configuration list for PBXNativeTarget "SimpleCoreData" */ = {
			isa = XCConfigurationList;
			buildConfigurations = (
				A2B467A426CF809800A3A7F1 /* Debug */,
				A2B467A526CF809800A3A7F1 /* Release */,
			);
			defaultConfigurationIsVisible = 0;
			defaultConfigurationName = Release;
		};
/* End XCConfigurationList section */

/* Begin XCVersionGroup section */
		A266BA3826D23DEA006F3067 /* SimpleCoreData.xcdatamodeld */ = {
			isa = XCVersionGroup;
			children = (
				A266BA3926D23DEA006F3067 /* SimpleCoreData.xcdatamodel */,
			);
			currentVersion = A266BA3926D23DEA006F3067 /* SimpleCoreData.xcdatamodel */;
			path = SimpleCoreData.xcdatamodeld;
			sourceTree = "<group>";
			versionGroupType = wrapper.xcdatamodel;
		};
/* End XCVersionGroup section */
	};
	rootObject = A2B4678426CF809700A3A7F1 /* Project object */;
}
